// !$*UTF8*$!
{
	archiveVersion = 1;
	classes = {
	};
	objectVersion = 46;
	objects = {

/* Begin PBXBuildFile section */
		9352BB111BC0432900EA0BFD /* harp_emulator_driver.cpp in Sources */ = {isa = PBXBuildFile; fileRef = 9352BB0B1BC0432900EA0BFD /* harp_emulator_driver.cpp */; settings = {ASSET_TAGS = (); }; };
		9352BB121BC0432900EA0BFD /* MemoryMap.cpp in Sources */ = {isa = PBXBuildFile; fileRef = 9352BB0D1BC0432900EA0BFD /* MemoryMap.cpp */; settings = {ASSET_TAGS = (); }; };
		9352BB131BC0432900EA0BFD /* SimdCore.cpp in Sources */ = {isa = PBXBuildFile; fileRef = 9352BB0F1BC0432900EA0BFD /* SimdCore.cpp */; settings = {ASSET_TAGS = (); }; };
/* End PBXBuildFile section */

/* Begin PBXCopyFilesBuildPhase section */
		9352BAFF1BC0431300EA0BFD /* CopyFiles */ = {
			isa = PBXCopyFilesBuildPhase;
			buildActionMask = 2147483647;
			dstPath = /usr/share/man/man1/;
			dstSubfolderSpec = 0;
			files = (
			);
			runOnlyForDeploymentPostprocessing = 1;
		};
/* End PBXCopyFilesBuildPhase section */

/* Begin PBXFileReference section */
		9352BB011BC0431300EA0BFD /* harptool */ = {isa = PBXFileReference; explicitFileType = "compiled.mach-o.executable"; includeInIndex = 0; path = harptool; sourceTree = BUILT_PRODUCTS_DIR; };
		9352BB0B1BC0432900EA0BFD /* harp_emulator_driver.cpp */ = {isa = PBXFileReference; fileEncoding = 4; lastKnownFileType = sourcecode.cpp.cpp; name = harp_emulator_driver.cpp; path = ../../harp_emulator_driver.cpp; sourceTree = "<group>"; };
		9352BB0C1BC0432900EA0BFD /* harp_emulator_driver.h */ = {isa = PBXFileReference; fileEncoding = 4; lastKnownFileType = sourcecode.c.h; name = harp_emulator_driver.h; path = ../../harp_emulator_driver.h; sourceTree = "<group>"; };
		9352BB0D1BC0432900EA0BFD /* MemoryMap.cpp */ = {isa = PBXFileReference; fileEncoding = 4; lastKnownFileType = sourcecode.cpp.cpp; name = MemoryMap.cpp; path = ../../MemoryMap.cpp; sourceTree = "<group>"; };
		9352BB0E1BC0432900EA0BFD /* MemoryMap.h */ = {isa = PBXFileReference; fileEncoding = 4; lastKnownFileType = sourcecode.c.h; name = MemoryMap.h; path = ../../MemoryMap.h; sourceTree = "<group>"; };
		9352BB0F1BC0432900EA0BFD /* SimdCore.cpp */ = {isa = PBXFileReference; fileEncoding = 4; lastKnownFileType = sourcecode.cpp.cpp; name = SimdCore.cpp; path = ../../SimdCore.cpp; sourceTree = "<group>"; };
		9352BB101BC0432900EA0BFD /* SimdCore.h */ = {isa = PBXFileReference; fileEncoding = 4; lastKnownFileType = sourcecode.c.h; name = SimdCore.h; path = ../../SimdCore.h; sourceTree = "<group>"; };
/* End PBXFileReference section */

/* Begin PBXFrameworksBuildPhase section */
		9352BAFE1BC0431300EA0BFD /* Frameworks */ = {
			isa = PBXFrameworksBuildPhase;
			buildActionMask = 2147483647;
			files = (
			);
			runOnlyForDeploymentPostprocessing = 0;
		};
/* End PBXFrameworksBuildPhase section */

/* Begin PBXGroup section */
		9352BAF81BC0431300EA0BFD = {
			isa = PBXGroup;
			children = (
				9352BB031BC0431300EA0BFD /* harptool */,
				9352BB021BC0431300EA0BFD /* Products */,
			);
			sourceTree = "<group>";
		};
		9352BB021BC0431300EA0BFD /* Products */ = {
			isa = PBXGroup;
			children = (
				9352BB011BC0431300EA0BFD /* harptool */,
			);
			name = Products;
			sourceTree = "<group>";
		};
		9352BB031BC0431300EA0BFD /* harptool */ = {
			isa = PBXGroup;
			children = (
				9352BB0B1BC0432900EA0BFD /* harp_emulator_driver.cpp */,
				9352BB0C1BC0432900EA0BFD /* harp_emulator_driver.h */,
				9352BB0D1BC0432900EA0BFD /* MemoryMap.cpp */,
				9352BB0E1BC0432900EA0BFD /* MemoryMap.h */,
				9352BB0F1BC0432900EA0BFD /* SimdCore.cpp */,
				9352BB101BC0432900EA0BFD /* SimdCore.h */,
			);
			path = harptool;
			sourceTree = "<group>";
		};
/* End PBXGroup section */

/* Begin PBXNativeTarget section */
		9352BB001BC0431300EA0BFD /* harptool */ = {
			isa = PBXNativeTarget;
			buildConfigurationList = 9352BB081BC0431300EA0BFD /* Build configuration list for PBXNativeTarget "harptool" */;
			buildPhases = (
				9352BAFD1BC0431300EA0BFD /* Sources */,
				9352BAFE1BC0431300EA0BFD /* Frameworks */,
				9352BAFF1BC0431300EA0BFD /* CopyFiles */,
			);
			buildRules = (
			);
			dependencies = (
			);
			name = harptool;
			productName = harptool;
			productReference = 9352BB011BC0431300EA0BFD /* harptool */;
			productType = "com.apple.product-type.tool";
		};
/* End PBXNativeTarget section */

/* Begin PBXProject section */
		9352BAF91BC0431300EA0BFD /* Project object */ = {
			isa = PBXProject;
			attributes = {
				LastUpgradeCheck = 0700;
				ORGANIZATIONNAME = "Harshit Jain";
				TargetAttributes = {
					9352BB001BC0431300EA0BFD = {
						CreatedOnToolsVersion = 7.0;
					};
				};
			};
			buildConfigurationList = 9352BAFC1BC0431300EA0BFD /* Build configuration list for PBXProject "harptool" */;
			compatibilityVersion = "Xcode 3.2";
			developmentRegion = English;
			hasScannedForEncodings = 0;
			knownRegions = (
				en,
			);
			mainGroup = 9352BAF81BC0431300EA0BFD;
			productRefGroup = 9352BB021BC0431300EA0BFD /* Products */;
			projectDirPath = "";
			projectRoot = "";
			targets = (
				9352BB001BC0431300EA0BFD /* harptool */,
			);
		};
/* End PBXProject section */

/* Begin PBXSourcesBuildPhase section */
		9352BAFD1BC0431300EA0BFD /* Sources */ = {
			isa = PBXSourcesBuildPhase;
			buildActionMask = 2147483647;
			files = (
				9352BB111BC0432900EA0BFD /* harp_emulator_driver.cpp in Sources */,
				9352BB131BC0432900EA0BFD /* SimdCore.cpp in Sources */,
				9352BB121BC0432900EA0BFD /* MemoryMap.cpp in Sources */,
			);
			runOnlyForDeploymentPostprocessing = 0;
		};
/* End PBXSourcesBuildPhase section */

/* Begin XCBuildConfiguration section */
		9352BB061BC0431300EA0BFD /* Debug */ = {
			isa = XCBuildConfiguration;
			buildSettings = {
				ALWAYS_SEARCH_USER_PATHS = NO;
				CLANG_CXX_LANGUAGE_STANDARD = "gnu++0x";
				CLANG_CXX_LIBRARY = "libc++";
				CLANG_ENABLE_MODULES = YES;
				CLANG_ENABLE_OBJC_ARC = YES;
				CLANG_WARN_BOOL_CONVERSION = YES;
				CLANG_WARN_CONSTANT_CONVERSION = YES;
				CLANG_WARN_DIRECT_OBJC_ISA_USAGE = YES_ERROR;
				CLANG_WARN_EMPTY_BODY = YES;
				CLANG_WARN_ENUM_CONVERSION = YES;
				CLANG_WARN_INT_CONVERSION = YES;
				CLANG_WARN_OBJC_ROOT_CLASS = YES_ERROR;
				CLANG_WARN_UNREACHABLE_CODE = YES;
				CLANG_WARN__DUPLICATE_METHOD_MATCH = YES;
				COPY_PHASE_STRIP = NO;
				DEBUG_INFORMATION_FORMAT = dwarf;
				ENABLE_STRICT_OBJC_MSGSEND = YES;
				ENABLE_TESTABILITY = YES;
				GCC_C_LANGUAGE_STANDARD = gnu99;
				GCC_DYNAMIC_NO_PIC = NO;
				GCC_NO_COMMON_BLOCKS = YES;
				GCC_OPTIMIZATION_LEVEL = 0;
				GCC_PREPROCESSOR_DEFINITIONS = (
					"DEBUG=1",
					"$(inherited)",
				);
				GCC_WARN_64_TO_32_BIT_CONVERSION = YES;
				GCC_WARN_ABOUT_RETURN_TYPE = YES_ERROR;
				GCC_WARN_UNDECLARED_SELECTOR = YES;
				GCC_WARN_UNINITIALIZED_AUTOS = YES_AGGRESSIVE;
				GCC_WARN_UNUSED_FUNCTION = YES;
				GCC_WARN_UNUSED_VARIABLE = YES;
				MACOSX_DEPLOYMENT_TARGET = 10.11;
				MTL_ENABLE_DEBUG_INFO = YES;
				ONLY_ACTIVE_ARCH = YES;
				SDKROOT = macosx;
			};
			name = Debug;
		};
		9352BB071BC0431300EA0BFD /* Release */ = {
			isa = XCBuildConfiguration;
			buildSettings = {
				ALWAYS_SEARCH_USER_PATHS = NO;
				CLANG_CXX_LANGUAGE_STANDARD = "gnu++0x";
				CLANG_CXX_LIBRARY = "libc++";
				CLANG_ENABLE_MODULES = YES;
				CLANG_ENABLE_OBJC_ARC = YES;
				CLANG_WARN_BOOL_CONVERSION = YES;
				CLANG_WARN_CONSTANT_CONVERSION = YES;
				CLANG_WARN_DIRECT_OBJC_ISA_USAGE = YES_ERROR;
				CLANG_WARN_EMPTY_BODY = YES;
				CLANG_WARN_ENUM_CONVERSION = YES;
				CLANG_WARN_INT_CONVERSION = YES;
				CLANG_WARN_OBJC_ROOT_CLASS = YES_ERROR;
				CLANG_WARN_UNREACHABLE_CODE = YES;
				CLANG_WARN__DUPLICATE_METHOD_MATCH = YES;
				COPY_PHASE_STRIP = NO;
				DEBUG_INFORMATION_FORMAT = "dwarf-with-dsym";
				ENABLE_NS_ASSERTIONS = NO;
				ENABLE_STRICT_OBJC_MSGSEND = YES;
				GCC_C_LANGUAGE_STANDARD = gnu99;
				GCC_NO_COMMON_BLOCKS = YES;
				GCC_WARN_64_TO_32_BIT_CONVERSION = YES;
				GCC_WARN_ABOUT_RETURN_TYPE = YES_ERROR;
				GCC_WARN_UNDECLARED_SELECTOR = YES;
				GCC_WARN_UNINITIALIZED_AUTOS = YES_AGGRESSIVE;
				GCC_WARN_UNUSED_FUNCTION = YES;
				GCC_WARN_UNUSED_VARIABLE = YES;
				MACOSX_DEPLOYMENT_TARGET = 10.11;
				MTL_ENABLE_DEBUG_INFO = NO;
				SDKROOT = macosx;
			};
			name = Release;
		};
		9352BB091BC0431300EA0BFD /* Debug */ = {
			isa = XCBuildConfiguration;
			buildSettings = {
				PRODUCT_NAME = "$(TARGET_NAME)";
			};
			name = Debug;
		};
		9352BB0A1BC0431300EA0BFD /* Release */ = {
			isa = XCBuildConfiguration;
			buildSettings = {
				PRODUCT_NAME = "$(TARGET_NAME)";
			};
			name = Release;
		};
/* End XCBuildConfiguration section */

/* Begin XCConfigurationList section */
		9352BAFC1BC0431300EA0BFD /* Build configuration list for PBXProject "harptool" */ = {
			isa = XCConfigurationList;
			buildConfigurations = (
				9352BB061BC0431300EA0BFD /* Debug */,
				9352BB071BC0431300EA0BFD /* Release */,
			);
			defaultConfigurationIsVisible = 0;
			defaultConfigurationName = Release;
		};
		9352BB081BC0431300EA0BFD /* Build configuration list for PBXNativeTarget "harptool" */ = {
			isa = XCConfigurationList;
			buildConfigurations = (
				9352BB091BC0431300EA0BFD /* Debug */,
				9352BB0A1BC0431300EA0BFD /* Release */,
			);
			defaultConfigurationIsVisible = 0;
		};
/* End XCConfigurationList section */
	};
	rootObject = 9352BAF91BC0431300EA0BFD /* Project object */;
}
