// !$*UTF8*$!
{
	archiveVersion = 1;
	classes = {
	};
	objectVersion = 46;
	objects = {

/* Begin PBXBuildFile section */
		93C380CA1BBB479000016295 /* harp_emulator_driver.cpp in Sources */ = {isa = PBXBuildFile; fileRef = 93C380C41BBB479000016295 /* harp_emulator_driver.cpp */; settings = {ASSET_TAGS = (); }; };
		93C380CB1BBB479000016295 /* MemoryMap.cpp in Sources */ = {isa = PBXBuildFile; fileRef = 93C380C61BBB479000016295 /* MemoryMap.cpp */; settings = {ASSET_TAGS = (); }; };
		93C380CC1BBB479000016295 /* SimdCore.cpp in Sources */ = {isa = PBXBuildFile; fileRef = 93C380C81BBB479000016295 /* SimdCore.cpp */; settings = {ASSET_TAGS = (); }; };
/* End PBXBuildFile section */

/* Begin PBXCopyFilesBuildPhase section */
		93C380B71BBB474D00016295 /* CopyFiles */ = {
			isa = PBXCopyFilesBuildPhase;
			buildActionMask = 2147483647;
			dstPath = /usr/share/man/man1/;
			dstSubfolderSpec = 0;
			files = (
			);
			runOnlyForDeploymentPostprocessing = 1;
		};
/* End PBXCopyFilesBuildPhase section */

/* Begin PBXFileReference section */
		93C380B91BBB474D00016295 /* harp_emulator */ = {isa = PBXFileReference; explicitFileType = "compiled.mach-o.executable"; includeInIndex = 0; path = harp_emulator; sourceTree = BUILT_PRODUCTS_DIR; };
		93C380C31BBB479000016295 /* BinaryIO.h */ = {isa = PBXFileReference; fileEncoding = 4; lastKnownFileType = sourcecode.c.h; name = BinaryIO.h; path = ../../BinaryIO.h; sourceTree = "<group>"; };
		93C380C41BBB479000016295 /* harp_emulator_driver.cpp */ = {isa = PBXFileReference; fileEncoding = 4; lastKnownFileType = sourcecode.cpp.cpp; name = harp_emulator_driver.cpp; path = ../../harp_emulator_driver.cpp; sourceTree = "<group>"; };
		93C380C51BBB479000016295 /* harp_emulator_driver.h */ = {isa = PBXFileReference; fileEncoding = 4; lastKnownFileType = sourcecode.c.h; name = harp_emulator_driver.h; path = ../../harp_emulator_driver.h; sourceTree = "<group>"; };
		93C380C61BBB479000016295 /* MemoryMap.cpp */ = {isa = PBXFileReference; fileEncoding = 4; lastKnownFileType = sourcecode.cpp.cpp; name = MemoryMap.cpp; path = ../../MemoryMap.cpp; sourceTree = "<group>"; };
		93C380C71BBB479000016295 /* MemoryMap.h */ = {isa = PBXFileReference; fileEncoding = 4; lastKnownFileType = sourcecode.c.h; name = MemoryMap.h; path = ../../MemoryMap.h; sourceTree = "<group>"; };
		93C380C81BBB479000016295 /* SimdCore.cpp */ = {isa = PBXFileReference; fileEncoding = 4; lastKnownFileType = sourcecode.cpp.cpp; name = SimdCore.cpp; path = ../../SimdCore.cpp; sourceTree = "<group>"; };
		93C380C91BBB479000016295 /* SimdCore.h */ = {isa = PBXFileReference; fileEncoding = 4; lastKnownFileType = sourcecode.c.h; name = SimdCore.h; path = ../../SimdCore.h; sourceTree = "<group>"; };
/* End PBXFileReference section */

/* Begin PBXFrameworksBuildPhase section */
		93C380B61BBB474D00016295 /* Frameworks */ = {
			isa = PBXFrameworksBuildPhase;
			buildActionMask = 2147483647;
			files = (
			);
			runOnlyForDeploymentPostprocessing = 0;
		};
/* End PBXFrameworksBuildPhase section */

/* Begin PBXGroup section */
		93C380B01BBB474D00016295 = {
			isa = PBXGroup;
			children = (
				93C380BB1BBB474D00016295 /* harp_emulator */,
				93C380BA1BBB474D00016295 /* Products */,
			);
			sourceTree = "<group>";
		};
		93C380BA1BBB474D00016295 /* Products */ = {
			isa = PBXGroup;
			children = (
				93C380B91BBB474D00016295 /* harp_emulator */,
			);
			name = Products;
			sourceTree = "<group>";
		};
		93C380BB1BBB474D00016295 /* harp_emulator */ = {
			isa = PBXGroup;
			children = (
				93C380C31BBB479000016295 /* BinaryIO.h */,
				93C380C41BBB479000016295 /* harp_emulator_driver.cpp */,
				93C380C51BBB479000016295 /* harp_emulator_driver.h */,
				93C380C61BBB479000016295 /* MemoryMap.cpp */,
				93C380C71BBB479000016295 /* MemoryMap.h */,
				93C380C81BBB479000016295 /* SimdCore.cpp */,
				93C380C91BBB479000016295 /* SimdCore.h */,
			);
			path = harp_emulator;
			sourceTree = "<group>";
		};
/* End PBXGroup section */

/* Begin PBXNativeTarget section */
		93C380B81BBB474D00016295 /* harp_emulator */ = {
			isa = PBXNativeTarget;
			buildConfigurationList = 93C380C01BBB474D00016295 /* Build configuration list for PBXNativeTarget "harp_emulator" */;
			buildPhases = (
				93C380B51BBB474D00016295 /* Sources */,
				93C380B61BBB474D00016295 /* Frameworks */,
				93C380B71BBB474D00016295 /* CopyFiles */,
			);
			buildRules = (
			);
			dependencies = (
			);
			name = harp_emulator;
			productName = harp_emulator;
			productReference = 93C380B91BBB474D00016295 /* harp_emulator */;
			productType = "com.apple.product-type.tool";
		};
/* End PBXNativeTarget section */

/* Begin PBXProject section */
		93C380B11BBB474D00016295 /* Project object */ = {
			isa = PBXProject;
			attributes = {
				LastUpgradeCheck = 0700;
				ORGANIZATIONNAME = "Harshit Jain";
				TargetAttributes = {
					93C380B81BBB474D00016295 = {
						CreatedOnToolsVersion = 7.0;
					};
				};
			};
			buildConfigurationList = 93C380B41BBB474D00016295 /* Build configuration list for PBXProject "harp_emulator" */;
			compatibilityVersion = "Xcode 3.2";
			developmentRegion = English;
			hasScannedForEncodings = 0;
			knownRegions = (
				en,
			);
			mainGroup = 93C380B01BBB474D00016295;
			productRefGroup = 93C380BA1BBB474D00016295 /* Products */;
			projectDirPath = "";
			projectRoot = "";
			targets = (
				93C380B81BBB474D00016295 /* harp_emulator */,
			);
		};
/* End PBXProject section */

/* Begin PBXSourcesBuildPhase section */
		93C380B51BBB474D00016295 /* Sources */ = {
			isa = PBXSourcesBuildPhase;
			buildActionMask = 2147483647;
			files = (
				93C380CA1BBB479000016295 /* harp_emulator_driver.cpp in Sources */,
				93C380CC1BBB479000016295 /* SimdCore.cpp in Sources */,
				93C380CB1BBB479000016295 /* MemoryMap.cpp in Sources */,
			);
			runOnlyForDeploymentPostprocessing = 0;
		};
/* End PBXSourcesBuildPhase section */

/* Begin XCBuildConfiguration section */
		93C380BE1BBB474D00016295 /* Debug */ = {
			isa = XCBuildConfiguration;
			buildSettings = {
				ALWAYS_SEARCH_USER_PATHS = NO;
				CLANG_CXX_LANGUAGE_STANDARD = "gnu++0x";
				CLANG_CXX_LIBRARY = "libc++";
				CLANG_ENABLE_MODULES = YES;
				CLANG_ENABLE_OBJC_ARC = YES;
				CLANG_WARN_BOOL_CONVERSION = YES;
				CLANG_WARN_CONSTANT_CONVERSION = YES;
				CLANG_WARN_DIRECT_OBJC_ISA_USAGE = YES_ERROR;
				CLANG_WARN_EMPTY_BODY = YES;
				CLANG_WARN_ENUM_CONVERSION = YES;
				CLANG_WARN_INT_CONVERSION = YES;
				CLANG_WARN_OBJC_ROOT_CLASS = YES_ERROR;
				CLANG_WARN_UNREACHABLE_CODE = YES;
				CLANG_WARN__DUPLICATE_METHOD_MATCH = YES;
				COPY_PHASE_STRIP = NO;
				DEBUG_INFORMATION_FORMAT = dwarf;
				ENABLE_STRICT_OBJC_MSGSEND = YES;
				ENABLE_TESTABILITY = YES;
				GCC_C_LANGUAGE_STANDARD = gnu99;
				GCC_DYNAMIC_NO_PIC = NO;
				GCC_NO_COMMON_BLOCKS = YES;
				GCC_OPTIMIZATION_LEVEL = 0;
				GCC_PREPROCESSOR_DEFINITIONS = (
					"DEBUG=1",
					"$(inherited)",
				);
				GCC_WARN_64_TO_32_BIT_CONVERSION = YES;
				GCC_WARN_ABOUT_RETURN_TYPE = YES_ERROR;
				GCC_WARN_UNDECLARED_SELECTOR = YES;
				GCC_WARN_UNINITIALIZED_AUTOS = YES_AGGRESSIVE;
				GCC_WARN_UNUSED_FUNCTION = YES;
				GCC_WARN_UNUSED_VARIABLE = YES;
				MACOSX_DEPLOYMENT_TARGET = 10.10;
				MTL_ENABLE_DEBUG_INFO = YES;
				ONLY_ACTIVE_ARCH = YES;
				SDKROOT = macosx;
			};
			name = Debug;
		};
		93C380BF1BBB474D00016295 /* Release */ = {
			isa = XCBuildConfiguration;
			buildSettings = {
				ALWAYS_SEARCH_USER_PATHS = NO;
				CLANG_CXX_LANGUAGE_STANDARD = "gnu++0x";
				CLANG_CXX_LIBRARY = "libc++";
				CLANG_ENABLE_MODULES = YES;
				CLANG_ENABLE_OBJC_ARC = YES;
				CLANG_WARN_BOOL_CONVERSION = YES;
				CLANG_WARN_CONSTANT_CONVERSION = YES;
				CLANG_WARN_DIRECT_OBJC_ISA_USAGE = YES_ERROR;
				CLANG_WARN_EMPTY_BODY = YES;
				CLANG_WARN_ENUM_CONVERSION = YES;
				CLANG_WARN_INT_CONVERSION = YES;
				CLANG_WARN_OBJC_ROOT_CLASS = YES_ERROR;
				CLANG_WARN_UNREACHABLE_CODE = YES;
				CLANG_WARN__DUPLICATE_METHOD_MATCH = YES;
				COPY_PHASE_STRIP = NO;
				DEBUG_INFORMATION_FORMAT = "dwarf-with-dsym";
				ENABLE_NS_ASSERTIONS = NO;
				ENABLE_STRICT_OBJC_MSGSEND = YES;
				GCC_C_LANGUAGE_STANDARD = gnu99;
				GCC_NO_COMMON_BLOCKS = YES;
				GCC_WARN_64_TO_32_BIT_CONVERSION = YES;
				GCC_WARN_ABOUT_RETURN_TYPE = YES_ERROR;
				GCC_WARN_UNDECLARED_SELECTOR = YES;
				GCC_WARN_UNINITIALIZED_AUTOS = YES_AGGRESSIVE;
				GCC_WARN_UNUSED_FUNCTION = YES;
				GCC_WARN_UNUSED_VARIABLE = YES;
				MACOSX_DEPLOYMENT_TARGET = 10.10;
				MTL_ENABLE_DEBUG_INFO = NO;
				SDKROOT = macosx;
			};
			name = Release;
		};
		93C380C11BBB474D00016295 /* Debug */ = {
			isa = XCBuildConfiguration;
			buildSettings = {
				PRODUCT_NAME = "$(TARGET_NAME)";
			};
			name = Debug;
		};
		93C380C21BBB474D00016295 /* Release */ = {
			isa = XCBuildConfiguration;
			buildSettings = {
				PRODUCT_NAME = "$(TARGET_NAME)";
			};
			name = Release;
		};
/* End XCBuildConfiguration section */

/* Begin XCConfigurationList section */
		93C380B41BBB474D00016295 /* Build configuration list for PBXProject "harp_emulator" */ = {
			isa = XCConfigurationList;
			buildConfigurations = (
				93C380BE1BBB474D00016295 /* Debug */,
				93C380BF1BBB474D00016295 /* Release */,
			);
			defaultConfigurationIsVisible = 0;
			defaultConfigurationName = Debug;
		};
		93C380C01BBB474D00016295 /* Build configuration list for PBXNativeTarget "harp_emulator" */ = {
			isa = XCConfigurationList;
			buildConfigurations = (
				93C380C11BBB474D00016295 /* Debug */,
				93C380C21BBB474D00016295 /* Release */,
			);
			defaultConfigurationIsVisible = 0;
			defaultConfigurationName = Debug;
		};
/* End XCConfigurationList section */
	};
	rootObject = 93C380B11BBB474D00016295 /* Project object */;
}
