// !$*UTF8*$!
{
	archiveVersion = 1;
	classes = {
	};
	objectVersion = 46;
	objects = {

/* Begin PBXBuildFile section */
		932B7EEE1BD8585200A793A5 /* harp_emulator_driver.cpp in Sources */ = {isa = PBXBuildFile; fileRef = 932B7EE71BD8585200A793A5 /* harp_emulator_driver.cpp */; };
		932B7EEF1BD8585200A793A5 /* MemoryMap.cpp in Sources */ = {isa = PBXBuildFile; fileRef = 932B7EE91BD8585200A793A5 /* MemoryMap.cpp */; };
		932B7EF01BD8585200A793A5 /* SimdCore.cpp in Sources */ = {isa = PBXBuildFile; fileRef = 932B7EEB1BD8585200A793A5 /* SimdCore.cpp */; };
		935FA9DF1BE5F363004FEDB7 /* Warp.cpp in Sources */ = {isa = PBXBuildFile; fileRef = 935FA9DD1BE5F363004FEDB7 /* Warp.cpp */; };
/* End PBXBuildFile section */

/* Begin PBXCopyFilesBuildPhase section */
		932B7ED91BD8583F00A793A5 /* CopyFiles */ = {
			isa = PBXCopyFilesBuildPhase;
			buildActionMask = 2147483647;
			dstPath = /usr/share/man/man1/;
			dstSubfolderSpec = 0;
			files = (
			);
			runOnlyForDeploymentPostprocessing = 1;
		};
/* End PBXCopyFilesBuildPhase section */

/* Begin PBXFileReference section */
		932B7EDB1BD8583F00A793A5 /* harp_emulator */ = {isa = PBXFileReference; explicitFileType = "compiled.mach-o.executable"; includeInIndex = 0; path = harp_emulator; sourceTree = BUILT_PRODUCTS_DIR; };
		932B7EE71BD8585200A793A5 /* harp_emulator_driver.cpp */ = {isa = PBXFileReference; fileEncoding = 4; lastKnownFileType = sourcecode.cpp.cpp; name = harp_emulator_driver.cpp; path = ../harp_emulator_driver.cpp; sourceTree = "<group>"; };
		932B7EE81BD8585200A793A5 /* harp_emulator_driver.h */ = {isa = PBXFileReference; fileEncoding = 4; lastKnownFileType = sourcecode.c.h; name = harp_emulator_driver.h; path = ../harp_emulator_driver.h; sourceTree = "<group>"; };
		932B7EE91BD8585200A793A5 /* MemoryMap.cpp */ = {isa = PBXFileReference; fileEncoding = 4; lastKnownFileType = sourcecode.cpp.cpp; name = MemoryMap.cpp; path = ../MemoryMap.cpp; sourceTree = "<group>"; };
		932B7EEA1BD8585200A793A5 /* MemoryMap.h */ = {isa = PBXFileReference; fileEncoding = 4; lastKnownFileType = sourcecode.c.h; name = MemoryMap.h; path = ../MemoryMap.h; sourceTree = "<group>"; };
		932B7EEB1BD8585200A793A5 /* SimdCore.cpp */ = {isa = PBXFileReference; fileEncoding = 4; lastKnownFileType = sourcecode.cpp.cpp; name = SimdCore.cpp; path = ../SimdCore.cpp; sourceTree = "<group>"; };
		932B7EEC1BD8585200A793A5 /* SimdCore.h */ = {isa = PBXFileReference; fileEncoding = 4; lastKnownFileType = sourcecode.c.h; name = SimdCore.h; path = ../SimdCore.h; sourceTree = "<group>"; };
		935FA9DD1BE5F363004FEDB7 /* Warp.cpp */ = {isa = PBXFileReference; fileEncoding = 4; lastKnownFileType = sourcecode.cpp.cpp; name = Warp.cpp; path = ../Warp.cpp; sourceTree = "<group>"; };
		935FA9DE1BE5F363004FEDB7 /* Warp.h */ = {isa = PBXFileReference; fileEncoding = 4; lastKnownFileType = sourcecode.c.h; name = Warp.h; path = ../Warp.h; sourceTree = "<group>"; };
/* End PBXFileReference section */

/* Begin PBXFrameworksBuildPhase section */
		932B7ED81BD8583F00A793A5 /* Frameworks */ = {
			isa = PBXFrameworksBuildPhase;
			buildActionMask = 2147483647;
			files = (
			);
			runOnlyForDeploymentPostprocessing = 0;
		};
/* End PBXFrameworksBuildPhase section */

/* Begin PBXGroup section */
		932B7ED21BD8583F00A793A5 = {
			isa = PBXGroup;
			children = (
				935FA9DD1BE5F363004FEDB7 /* Warp.cpp */,
				935FA9DE1BE5F363004FEDB7 /* Warp.h */,
				932B7EE71BD8585200A793A5 /* harp_emulator_driver.cpp */,
				932B7EE81BD8585200A793A5 /* harp_emulator_driver.h */,
				932B7EE91BD8585200A793A5 /* MemoryMap.cpp */,
				932B7EEA1BD8585200A793A5 /* MemoryMap.h */,
				932B7EEB1BD8585200A793A5 /* SimdCore.cpp */,
				932B7EEC1BD8585200A793A5 /* SimdCore.h */,
				932B7EDD1BD8583F00A793A5 /* harp_emulator */,
				932B7EDC1BD8583F00A793A5 /* Products */,
			);
			sourceTree = "<group>";
		};
		932B7EDC1BD8583F00A793A5 /* Products */ = {
			isa = PBXGroup;
			children = (
				932B7EDB1BD8583F00A793A5 /* harp_emulator */,
			);
			name = Products;
			sourceTree = "<group>";
		};
		932B7EDD1BD8583F00A793A5 /* harp_emulator */ = {
			isa = PBXGroup;
			children = (
			);
			path = harp_emulator;
			sourceTree = "<group>";
		};
/* End PBXGroup section */

/* Begin PBXNativeTarget section */
		932B7EDA1BD8583F00A793A5 /* harp_emulator */ = {
			isa = PBXNativeTarget;
			buildConfigurationList = 932B7EE21BD8583F00A793A5 /* Build configuration list for PBXNativeTarget "harp_emulator" */;
			buildPhases = (
				932B7ED71BD8583F00A793A5 /* Sources */,
				932B7ED81BD8583F00A793A5 /* Frameworks */,
				932B7ED91BD8583F00A793A5 /* CopyFiles */,
			);
			buildRules = (
			);
			dependencies = (
			);
			name = harp_emulator;
			productName = harp_emulator;
			productReference = 932B7EDB1BD8583F00A793A5 /* harp_emulator */;
			productType = "com.apple.product-type.tool";
		};
/* End PBXNativeTarget section */

/* Begin PBXProject section */
		932B7ED31BD8583F00A793A5 /* Project object */ = {
			isa = PBXProject;
			attributes = {
				LastUpgradeCheck = 0700;
				ORGANIZATIONNAME = "Harshit Jain";
				TargetAttributes = {
					932B7EDA1BD8583F00A793A5 = {
						CreatedOnToolsVersion = 7.0.1;
					};
				};
			};
			buildConfigurationList = 932B7ED61BD8583F00A793A5 /* Build configuration list for PBXProject "harp_emulator" */;
			compatibilityVersion = "Xcode 3.2";
			developmentRegion = English;
			hasScannedForEncodings = 0;
			knownRegions = (
				en,
			);
			mainGroup = 932B7ED21BD8583F00A793A5;
			productRefGroup = 932B7EDC1BD8583F00A793A5 /* Products */;
			projectDirPath = "";
			projectRoot = "";
			targets = (
				932B7EDA1BD8583F00A793A5 /* harp_emulator */,
			);
		};
/* End PBXProject section */

/* Begin PBXSourcesBuildPhase section */
		932B7ED71BD8583F00A793A5 /* Sources */ = {
			isa = PBXSourcesBuildPhase;
			buildActionMask = 2147483647;
			files = (
				932B7EEF1BD8585200A793A5 /* MemoryMap.cpp in Sources */,
				932B7EEE1BD8585200A793A5 /* harp_emulator_driver.cpp in Sources */,
				932B7EF01BD8585200A793A5 /* SimdCore.cpp in Sources */,
				935FA9DF1BE5F363004FEDB7 /* Warp.cpp in Sources */,
			);
			runOnlyForDeploymentPostprocessing = 0;
		};
/* End PBXSourcesBuildPhase section */

/* Begin XCBuildConfiguration section */
		932B7EE01BD8583F00A793A5 /* Debug */ = {
			isa = XCBuildConfiguration;
			buildSettings = {
				ALWAYS_SEARCH_USER_PATHS = NO;
				CLANG_CXX_LANGUAGE_STANDARD = "gnu++0x";
				CLANG_CXX_LIBRARY = "libc++";
				CLANG_ENABLE_MODULES = YES;
				CLANG_ENABLE_OBJC_ARC = YES;
				CLANG_WARN_BOOL_CONVERSION = YES;
				CLANG_WARN_CONSTANT_CONVERSION = YES;
				CLANG_WARN_DIRECT_OBJC_ISA_USAGE = YES_ERROR;
				CLANG_WARN_EMPTY_BODY = YES;
				CLANG_WARN_ENUM_CONVERSION = YES;
				CLANG_WARN_INT_CONVERSION = YES;
				CLANG_WARN_OBJC_ROOT_CLASS = YES_ERROR;
				CLANG_WARN_UNREACHABLE_CODE = YES;
				CLANG_WARN__DUPLICATE_METHOD_MATCH = YES;
				COPY_PHASE_STRIP = NO;
				DEBUG_INFORMATION_FORMAT = dwarf;
				ENABLE_STRICT_OBJC_MSGSEND = YES;
				ENABLE_TESTABILITY = YES;
				GCC_C_LANGUAGE_STANDARD = gnu99;
				GCC_DYNAMIC_NO_PIC = NO;
				GCC_NO_COMMON_BLOCKS = YES;
				GCC_OPTIMIZATION_LEVEL = 0;
				GCC_PREPROCESSOR_DEFINITIONS = (
					"DEBUG=1",
					"$(inherited)",
				);
				GCC_WARN_64_TO_32_BIT_CONVERSION = YES;
				GCC_WARN_ABOUT_RETURN_TYPE = YES_ERROR;
				GCC_WARN_UNDECLARED_SELECTOR = YES;
				GCC_WARN_UNINITIALIZED_AUTOS = YES_AGGRESSIVE;
				GCC_WARN_UNUSED_FUNCTION = YES;
				GCC_WARN_UNUSED_VARIABLE = YES;
				MACOSX_DEPLOYMENT_TARGET = 10.11;
				MTL_ENABLE_DEBUG_INFO = YES;
				ONLY_ACTIVE_ARCH = YES;
				SDKROOT = macosx;
			};
			name = Debug;
		};
		932B7EE11BD8583F00A793A5 /* Release */ = {
			isa = XCBuildConfiguration;
			buildSettings = {
				ALWAYS_SEARCH_USER_PATHS = NO;
				CLANG_CXX_LANGUAGE_STANDARD = "gnu++0x";
				CLANG_CXX_LIBRARY = "libc++";
				CLANG_ENABLE_MODULES = YES;
				CLANG_ENABLE_OBJC_ARC = YES;
				CLANG_WARN_BOOL_CONVERSION = YES;
				CLANG_WARN_CONSTANT_CONVERSION = YES;
				CLANG_WARN_DIRECT_OBJC_ISA_USAGE = YES_ERROR;
				CLANG_WARN_EMPTY_BODY = YES;
				CLANG_WARN_ENUM_CONVERSION = YES;
				CLANG_WARN_INT_CONVERSION = YES;
				CLANG_WARN_OBJC_ROOT_CLASS = YES_ERROR;
				CLANG_WARN_UNREACHABLE_CODE = YES;
				CLANG_WARN__DUPLICATE_METHOD_MATCH = YES;
				COPY_PHASE_STRIP = NO;
				DEBUG_INFORMATION_FORMAT = "dwarf-with-dsym";
				ENABLE_NS_ASSERTIONS = NO;
				ENABLE_STRICT_OBJC_MSGSEND = YES;
				GCC_C_LANGUAGE_STANDARD = gnu99;
				GCC_NO_COMMON_BLOCKS = YES;
				GCC_WARN_64_TO_32_BIT_CONVERSION = YES;
				GCC_WARN_ABOUT_RETURN_TYPE = YES_ERROR;
				GCC_WARN_UNDECLARED_SELECTOR = YES;
				GCC_WARN_UNINITIALIZED_AUTOS = YES_AGGRESSIVE;
				GCC_WARN_UNUSED_FUNCTION = YES;
				GCC_WARN_UNUSED_VARIABLE = YES;
				MACOSX_DEPLOYMENT_TARGET = 10.11;
				MTL_ENABLE_DEBUG_INFO = NO;
				SDKROOT = macosx;
			};
			name = Release;
		};
		932B7EE31BD8583F00A793A5 /* Debug */ = {
			isa = XCBuildConfiguration;
			buildSettings = {
				PRODUCT_NAME = "$(TARGET_NAME)";
			};
			name = Debug;
		};
		932B7EE41BD8583F00A793A5 /* Release */ = {
			isa = XCBuildConfiguration;
			buildSettings = {
				PRODUCT_NAME = "$(TARGET_NAME)";
			};
			name = Release;
		};
/* End XCBuildConfiguration section */

/* Begin XCConfigurationList section */
		932B7ED61BD8583F00A793A5 /* Build configuration list for PBXProject "harp_emulator" */ = {
			isa = XCConfigurationList;
			buildConfigurations = (
				932B7EE01BD8583F00A793A5 /* Debug */,
				932B7EE11BD8583F00A793A5 /* Release */,
			);
			defaultConfigurationIsVisible = 0;
			defaultConfigurationName = Release;
		};
		932B7EE21BD8583F00A793A5 /* Build configuration list for PBXNativeTarget "harp_emulator" */ = {
			isa = XCConfigurationList;
			buildConfigurations = (
				932B7EE31BD8583F00A793A5 /* Debug */,
				932B7EE41BD8583F00A793A5 /* Release */,
			);
			defaultConfigurationIsVisible = 0;
			defaultConfigurationName = Release;
		};
/* End XCConfigurationList section */
	};
	rootObject = 932B7ED31BD8583F00A793A5 /* Project object */;
}
